
Microsoft Visual Studio Solution File, Format Version 12.00
# Visual Studio 2013
VisualStudioVersion = 12.0.30501.0
MinimumVisualStudioVersion = 10.0.40219.1
Project("{FAE04EC0-301F-11D3-BF4B-00C04F79EFBC}") = "CrossPlatform.Infrastructure", "CrossPlatform.Infrastructure\CrossPlatform.Infrastructure.csproj", "{8B858194-EFF9-4746-917F-748368BB1B2E}"
EndProject
Project("{FAE04EC0-301F-11D3-BF4B-00C04F79EFBC}") = "CrossPlatform.Infrastructure.StoreApp", "CrossPlatform.Infrastructure.StoreApp\CrossPlatform.Infrastructure.StoreApp.csproj", "{7BDB2BD7-0C7B-4C45-8BC0-0791DE36D106}"
EndProject
Project("{FAE04EC0-301F-11D3-BF4B-00C04F79EFBC}") = "CrossPlatform.Infrastructure.Silverlight", "CrossPlatform.Infrastructure.Silverlight\CrossPlatform.Infrastructure.Silverlight.csproj", "{EAC8B9A7-D724-45C4-9536-08DDA386DCE2}"
EndProject
Project("{FAE04EC0-301F-11D3-BF4B-00C04F79EFBC}") = "CrossPlatform.Infrastructure.Phone", "CrossPlatform.Infrastructure.Phone\CrossPlatform.Infrastructure.Phone.csproj", "{013759FA-DFC4-49C8-8998-7E7B38A62E36}"
EndProject
Project("{2150E333-8FDC-42A3-9474-1A3956D46DE8}") = ".nuget", ".nuget", "{DD7127D6-51F7-44B6-9257-2F9ED6CEF1BD}"
	ProjectSection(SolutionItems) = preProject
		.nuget\NuGet.Config = .nuget\NuGet.Config
		.nuget\NuGet.exe = .nuget\NuGet.exe
		.nuget\NuGet.targets = .nuget\NuGet.targets
	EndProjectSection
EndProject
Project("{2150E333-8FDC-42A3-9474-1A3956D46DE8}") = "Tests", "Tests", "{24C3CECA-ED13-45FB-A768-EEA7C4293120}"
EndProject
Project("{2150E333-8FDC-42A3-9474-1A3956D46DE8}") = "Document", "Document", "{4D44379E-426E-459B-9BF7-098D5D9E0B45}"
	ProjectSection(SolutionItems) = preProject
		work.txt = work.txt
	EndProjectSection
EndProject
Project("{2150E333-8FDC-42A3-9474-1A3956D46DE8}") = "Samples", "Samples", "{0723417B-B55E-44F1-8040-243F17548469}"
EndProject
Project("{2150E333-8FDC-42A3-9474-1A3956D46DE8}") = "Externals", "Externals", "{57AD61F3-AC53-4AF4-A5E3-541DA4223503}"
EndProject
Project("{2150E333-8FDC-42A3-9474-1A3956D46DE8}") = "AForge", "AForge", "{708C119F-723A-463A-A848-BEB798846A75}"
	ProjectSection(SolutionItems) = preProject
		Externals\portable-aforge-2.2.5.2\CPOL_PixelFormatConversion.htm = Externals\portable-aforge-2.2.5.2\CPOL_PixelFormatConversion.htm
		Externals\portable-aforge-2.2.5.2\gpl-3.0.txt = Externals\portable-aforge-2.2.5.2\gpl-3.0.txt
		Externals\portable-aforge-2.2.5.2\Invoice 91.pdf = Externals\portable-aforge-2.2.5.2\Invoice 91.pdf
		Externals\portable-aforge-2.2.5.2\lgpl-3.0.txt = Externals\portable-aforge-2.2.5.2\lgpl-3.0.txt
		Externals\portable-aforge-2.2.5.2\README.md = Externals\portable-aforge-2.2.5.2\README.md
		Externals\portable-aforge-2.2.5.2\Sales-receipt-101.pdf = Externals\portable-aforge-2.2.5.2\Sales-receipt-101.pdf
	EndProjectSection
EndProject
Project("{2150E333-8FDC-42A3-9474-1A3956D46DE8}") = "PCL", "PCL", "{BE18601B-91E0-4B78-9755-5D5D6B9027ED}"
	ProjectSection(SolutionItems) = preProject
		Externals\portable-aforge-2.2.5.2\PCL\Any CPU\AForge.dll = Externals\portable-aforge-2.2.5.2\PCL\Any CPU\AForge.dll
		Externals\portable-aforge-2.2.5.2\PCL\Any CPU\AForge.Fuzzy.dll = Externals\portable-aforge-2.2.5.2\PCL\Any CPU\AForge.Fuzzy.dll
		Externals\portable-aforge-2.2.5.2\PCL\Any CPU\AForge.Fuzzy.pdb = Externals\portable-aforge-2.2.5.2\PCL\Any CPU\AForge.Fuzzy.pdb
		Externals\portable-aforge-2.2.5.2\PCL\Any CPU\AForge.Genetic.dll = Externals\portable-aforge-2.2.5.2\PCL\Any CPU\AForge.Genetic.dll
		Externals\portable-aforge-2.2.5.2\PCL\Any CPU\AForge.Genetic.pdb = Externals\portable-aforge-2.2.5.2\PCL\Any CPU\AForge.Genetic.pdb
		Externals\portable-aforge-2.2.5.2\PCL\Any CPU\AForge.Imaging.dll = Externals\portable-aforge-2.2.5.2\PCL\Any CPU\AForge.Imaging.dll
		Externals\portable-aforge-2.2.5.2\PCL\Any CPU\AForge.Imaging.Formats.dll = Externals\portable-aforge-2.2.5.2\PCL\Any CPU\AForge.Imaging.Formats.dll
		Externals\portable-aforge-2.2.5.2\PCL\Any CPU\AForge.Imaging.Formats.pdb = Externals\portable-aforge-2.2.5.2\PCL\Any CPU\AForge.Imaging.Formats.pdb
		Externals\portable-aforge-2.2.5.2\PCL\Any CPU\AForge.Imaging.pdb = Externals\portable-aforge-2.2.5.2\PCL\Any CPU\AForge.Imaging.pdb
		Externals\portable-aforge-2.2.5.2\PCL\Any CPU\AForge.MachineLearning.dll = Externals\portable-aforge-2.2.5.2\PCL\Any CPU\AForge.MachineLearning.dll
		Externals\portable-aforge-2.2.5.2\PCL\Any CPU\AForge.MachineLearning.pdb = Externals\portable-aforge-2.2.5.2\PCL\Any CPU\AForge.MachineLearning.pdb
		Externals\portable-aforge-2.2.5.2\PCL\Any CPU\AForge.Math.dll = Externals\portable-aforge-2.2.5.2\PCL\Any CPU\AForge.Math.dll
		Externals\portable-aforge-2.2.5.2\PCL\Any CPU\AForge.Math.pdb = Externals\portable-aforge-2.2.5.2\PCL\Any CPU\AForge.Math.pdb
		Externals\portable-aforge-2.2.5.2\PCL\Any CPU\AForge.Neuro.dll = Externals\portable-aforge-2.2.5.2\PCL\Any CPU\AForge.Neuro.dll
		Externals\portable-aforge-2.2.5.2\PCL\Any CPU\AForge.Neuro.pdb = Externals\portable-aforge-2.2.5.2\PCL\Any CPU\AForge.Neuro.pdb
		Externals\portable-aforge-2.2.5.2\PCL\Any CPU\AForge.pdb = Externals\portable-aforge-2.2.5.2\PCL\Any CPU\AForge.pdb
		Externals\portable-aforge-2.2.5.2\PCL\Any CPU\AForge.Vision.dll = Externals\portable-aforge-2.2.5.2\PCL\Any CPU\AForge.Vision.dll
		Externals\portable-aforge-2.2.5.2\PCL\Any CPU\AForge.Vision.pdb = Externals\portable-aforge-2.2.5.2\PCL\Any CPU\AForge.Vision.pdb
		Externals\portable-aforge-2.2.5.2\PCL\Any CPU\Shim.dll = Externals\portable-aforge-2.2.5.2\PCL\Any CPU\Shim.dll
		Externals\portable-aforge-2.2.5.2\PCL\Any CPU\Shim.Drawing.dll = Externals\portable-aforge-2.2.5.2\PCL\Any CPU\Shim.Drawing.dll
		Externals\portable-aforge-2.2.5.2\PCL\Any CPU\Shim.Drawing.pdb = Externals\portable-aforge-2.2.5.2\PCL\Any CPU\Shim.Drawing.pdb
		Externals\portable-aforge-2.2.5.2\PCL\Any CPU\Shim.pdb = Externals\portable-aforge-2.2.5.2\PCL\Any CPU\Shim.pdb
	EndProjectSection
EndProject
Project("{2150E333-8FDC-42A3-9474-1A3956D46DE8}") = "Phone", "Phone", "{F605E87B-10DF-4B64-820D-55D2AFA423DD}"
	ProjectSection(SolutionItems) = preProject
		Externals\portable-aforge-2.2.5.2\Phone\Any CPU\Shim.dll = Externals\portable-aforge-2.2.5.2\Phone\Any CPU\Shim.dll
		Externals\portable-aforge-2.2.5.2\Phone\Any CPU\Shim.Drawing.dll = Externals\portable-aforge-2.2.5.2\Phone\Any CPU\Shim.Drawing.dll
		Externals\portable-aforge-2.2.5.2\Phone\Any CPU\Shim.Drawing.pdb = Externals\portable-aforge-2.2.5.2\Phone\Any CPU\Shim.Drawing.pdb
		Externals\portable-aforge-2.2.5.2\Phone\Any CPU\Shim.pdb = Externals\portable-aforge-2.2.5.2\Phone\Any CPU\Shim.pdb
	EndProjectSection
EndProject
Project("{2150E333-8FDC-42A3-9474-1A3956D46DE8}") = "Store", "Store", "{96E75A0A-7BF7-4955-A048-B0E93F6E19D0}"
	ProjectSection(SolutionItems) = preProject
		Externals\portable-aforge-2.2.5.2\Store\Any CPU\Shim.dll = Externals\portable-aforge-2.2.5.2\Store\Any CPU\Shim.dll
		Externals\portable-aforge-2.2.5.2\Store\Any CPU\Shim.Drawing.dll = Externals\portable-aforge-2.2.5.2\Store\Any CPU\Shim.Drawing.dll
		Externals\portable-aforge-2.2.5.2\Store\Any CPU\Shim.Drawing.pdb = Externals\portable-aforge-2.2.5.2\Store\Any CPU\Shim.Drawing.pdb
		Externals\portable-aforge-2.2.5.2\Store\Any CPU\Shim.pdb = Externals\portable-aforge-2.2.5.2\Store\Any CPU\Shim.pdb
	EndProjectSection
EndProject
Project("{2150E333-8FDC-42A3-9474-1A3956D46DE8}") = "WPF", "WPF", "{67BCE374-F6FC-4F37-8930-54768AD08633}"
	ProjectSection(SolutionItems) = preProject
		Externals\portable-aforge-2.2.5.2\WPF\Any CPU\Shim.dll = Externals\portable-aforge-2.2.5.2\WPF\Any CPU\Shim.dll
		Externals\portable-aforge-2.2.5.2\WPF\Any CPU\Shim.Drawing.dll = Externals\portable-aforge-2.2.5.2\WPF\Any CPU\Shim.Drawing.dll
		Externals\portable-aforge-2.2.5.2\WPF\Any CPU\Shim.Drawing.pdb = Externals\portable-aforge-2.2.5.2\WPF\Any CPU\Shim.Drawing.pdb
		Externals\portable-aforge-2.2.5.2\WPF\Any CPU\Shim.pdb = Externals\portable-aforge-2.2.5.2\WPF\Any CPU\Shim.pdb
	EndProjectSection
EndProject
Project("{FAE04EC0-301F-11D3-BF4B-00C04F79EFBC}") = "CrossPlatform.Infrastructure.StoreAppAForge", "CrossPlatform.Infrastructure.StoreAppAForge\CrossPlatform.Infrastructure.StoreAppAForge.csproj", "{384E33AE-8807-4087-9BC7-5A84C9C8DC9F}"
EndProject
Project("{FAE04EC0-301F-11D3-BF4B-00C04F79EFBC}") = "CrossPlatform.Infrastructure.81", "CrossPlatform.Infrastructure.81\CrossPlatform.Infrastructure.81.csproj", "{B41DDA37-8CF3-426C-89F9-1714A7AB309D}"
EndProject
Project("{FAE04EC0-301F-11D3-BF4B-00C04F79EFBC}") = "CrossPlatform.Infrastructure.WPhone", "CrossPlatform.Infrastructure.WPhone\CrossPlatform.Infrastructure.WPhone.csproj", "{0C88E8DB-FAD3-4ED9-A8F9-E5BD36CDA4EE}"
EndProject
Global
	GlobalSection(SolutionConfigurationPlatforms) = preSolution
		Debug|Any CPU = Debug|Any CPU
		Debug|ARM = Debug|ARM
		Debug|Mixed Platforms = Debug|Mixed Platforms
		Debug|x64 = Debug|x64
		Debug|x86 = Debug|x86
		Release|Any CPU = Release|Any CPU
		Release|ARM = Release|ARM
		Release|Mixed Platforms = Release|Mixed Platforms
		Release|x64 = Release|x64
		Release|x86 = Release|x86
	EndGlobalSection
	GlobalSection(ProjectConfigurationPlatforms) = postSolution
		{8B858194-EFF9-4746-917F-748368BB1B2E}.Debug|Any CPU.ActiveCfg = Debug|Any CPU
		{8B858194-EFF9-4746-917F-748368BB1B2E}.Debug|Any CPU.Build.0 = Debug|Any CPU
		{8B858194-EFF9-4746-917F-748368BB1B2E}.Debug|ARM.ActiveCfg = Debug|Any CPU
		{8B858194-EFF9-4746-917F-748368BB1B2E}.Debug|Mixed Platforms.ActiveCfg = Debug|Any CPU
		{8B858194-EFF9-4746-917F-748368BB1B2E}.Debug|Mixed Platforms.Build.0 = Debug|Any CPU
		{8B858194-EFF9-4746-917F-748368BB1B2E}.Debug|x64.ActiveCfg = Debug|Any CPU
		{8B858194-EFF9-4746-917F-748368BB1B2E}.Debug|x86.ActiveCfg = Debug|Any CPU
		{8B858194-EFF9-4746-917F-748368BB1B2E}.Release|Any CPU.ActiveCfg = Release|Any CPU
		{8B858194-EFF9-4746-917F-748368BB1B2E}.Release|Any CPU.Build.0 = Release|Any CPU
		{8B858194-EFF9-4746-917F-748368BB1B2E}.Release|ARM.ActiveCfg = Release|Any CPU
		{8B858194-EFF9-4746-917F-748368BB1B2E}.Release|Mixed Platforms.ActiveCfg = Release|Any CPU
		{8B858194-EFF9-4746-917F-748368BB1B2E}.Release|Mixed Platforms.Build.0 = Release|Any CPU
		{8B858194-EFF9-4746-917F-748368BB1B2E}.Release|x64.ActiveCfg = Release|Any CPU
		{8B858194-EFF9-4746-917F-748368BB1B2E}.Release|x86.ActiveCfg = Release|Any CPU
		{7BDB2BD7-0C7B-4C45-8BC0-0791DE36D106}.Debug|Any CPU.ActiveCfg = Debug|Any CPU
		{7BDB2BD7-0C7B-4C45-8BC0-0791DE36D106}.Debug|Any CPU.Build.0 = Debug|Any CPU
		{7BDB2BD7-0C7B-4C45-8BC0-0791DE36D106}.Debug|ARM.ActiveCfg = Debug|ARM
		{7BDB2BD7-0C7B-4C45-8BC0-0791DE36D106}.Debug|ARM.Build.0 = Debug|ARM
		{7BDB2BD7-0C7B-4C45-8BC0-0791DE36D106}.Debug|Mixed Platforms.ActiveCfg = Debug|x86
		{7BDB2BD7-0C7B-4C45-8BC0-0791DE36D106}.Debug|Mixed Platforms.Build.0 = Debug|x86
		{7BDB2BD7-0C7B-4C45-8BC0-0791DE36D106}.Debug|x64.ActiveCfg = Debug|x64
		{7BDB2BD7-0C7B-4C45-8BC0-0791DE36D106}.Debug|x64.Build.0 = Debug|x64
		{7BDB2BD7-0C7B-4C45-8BC0-0791DE36D106}.Debug|x86.ActiveCfg = Debug|x86
		{7BDB2BD7-0C7B-4C45-8BC0-0791DE36D106}.Debug|x86.Build.0 = Debug|x86
		{7BDB2BD7-0C7B-4C45-8BC0-0791DE36D106}.Release|Any CPU.ActiveCfg = Release|Any CPU
		{7BDB2BD7-0C7B-4C45-8BC0-0791DE36D106}.Release|Any CPU.Build.0 = Release|Any CPU
		{7BDB2BD7-0C7B-4C45-8BC0-0791DE36D106}.Release|ARM.ActiveCfg = Release|ARM
		{7BDB2BD7-0C7B-4C45-8BC0-0791DE36D106}.Release|ARM.Build.0 = Release|ARM
		{7BDB2BD7-0C7B-4C45-8BC0-0791DE36D106}.Release|Mixed Platforms.ActiveCfg = Release|x86
		{7BDB2BD7-0C7B-4C45-8BC0-0791DE36D106}.Release|Mixed Platforms.Build.0 = Release|x86
		{7BDB2BD7-0C7B-4C45-8BC0-0791DE36D106}.Release|x64.ActiveCfg = Release|x64
		{7BDB2BD7-0C7B-4C45-8BC0-0791DE36D106}.Release|x64.Build.0 = Release|x64
		{7BDB2BD7-0C7B-4C45-8BC0-0791DE36D106}.Release|x86.ActiveCfg = Release|x86
		{7BDB2BD7-0C7B-4C45-8BC0-0791DE36D106}.Release|x86.Build.0 = Release|x86
		{EAC8B9A7-D724-45C4-9536-08DDA386DCE2}.Debug|Any CPU.ActiveCfg = Debug|Any CPU
		{EAC8B9A7-D724-45C4-9536-08DDA386DCE2}.Debug|Any CPU.Build.0 = Debug|Any CPU
		{EAC8B9A7-D724-45C4-9536-08DDA386DCE2}.Debug|ARM.ActiveCfg = Debug|Any CPU
		{EAC8B9A7-D724-45C4-9536-08DDA386DCE2}.Debug|Mixed Platforms.ActiveCfg = Debug|Any CPU
		{EAC8B9A7-D724-45C4-9536-08DDA386DCE2}.Debug|Mixed Platforms.Build.0 = Debug|Any CPU
		{EAC8B9A7-D724-45C4-9536-08DDA386DCE2}.Debug|x64.ActiveCfg = Debug|Any CPU
		{EAC8B9A7-D724-45C4-9536-08DDA386DCE2}.Debug|x86.ActiveCfg = Debug|Any CPU
		{EAC8B9A7-D724-45C4-9536-08DDA386DCE2}.Release|Any CPU.ActiveCfg = Release|Any CPU
		{EAC8B9A7-D724-45C4-9536-08DDA386DCE2}.Release|Any CPU.Build.0 = Release|Any CPU
		{EAC8B9A7-D724-45C4-9536-08DDA386DCE2}.Release|ARM.ActiveCfg = Release|Any CPU
		{EAC8B9A7-D724-45C4-9536-08DDA386DCE2}.Release|Mixed Platforms.ActiveCfg = Release|Any CPU
		{EAC8B9A7-D724-45C4-9536-08DDA386DCE2}.Release|Mixed Platforms.Build.0 = Release|Any CPU
		{EAC8B9A7-D724-45C4-9536-08DDA386DCE2}.Release|x64.ActiveCfg = Release|Any CPU
		{EAC8B9A7-D724-45C4-9536-08DDA386DCE2}.Release|x86.ActiveCfg = Release|Any CPU
		{013759FA-DFC4-49C8-8998-7E7B38A62E36}.Debug|Any CPU.ActiveCfg = Debug|Any CPU
		{013759FA-DFC4-49C8-8998-7E7B38A62E36}.Debug|Any CPU.Build.0 = Debug|Any CPU
		{013759FA-DFC4-49C8-8998-7E7B38A62E36}.Debug|ARM.ActiveCfg = Debug|Any CPU
		{013759FA-DFC4-49C8-8998-7E7B38A62E36}.Debug|Mixed Platforms.ActiveCfg = Debug|Any CPU
		{013759FA-DFC4-49C8-8998-7E7B38A62E36}.Debug|Mixed Platforms.Build.0 = Debug|Any CPU
		{013759FA-DFC4-49C8-8998-7E7B38A62E36}.Debug|x64.ActiveCfg = Debug|Any CPU
		{013759FA-DFC4-49C8-8998-7E7B38A62E36}.Debug|x86.ActiveCfg = Debug|Any CPU
		{013759FA-DFC4-49C8-8998-7E7B38A62E36}.Release|Any CPU.ActiveCfg = Release|Any CPU
		{013759FA-DFC4-49C8-8998-7E7B38A62E36}.Release|Any CPU.Build.0 = Release|Any CPU
		{013759FA-DFC4-49C8-8998-7E7B38A62E36}.Release|ARM.ActiveCfg = Release|Any CPU
		{013759FA-DFC4-49C8-8998-7E7B38A62E36}.Release|Mixed Platforms.ActiveCfg = Release|Any CPU
		{013759FA-DFC4-49C8-8998-7E7B38A62E36}.Release|Mixed Platforms.Build.0 = Release|Any CPU
		{013759FA-DFC4-49C8-8998-7E7B38A62E36}.Release|x64.ActiveCfg = Release|Any CPU
		{013759FA-DFC4-49C8-8998-7E7B38A62E36}.Release|x86.ActiveCfg = Release|Any CPU
		{384E33AE-8807-4087-9BC7-5A84C9C8DC9F}.Debug|Any CPU.ActiveCfg = Debug|Any CPU
		{384E33AE-8807-4087-9BC7-5A84C9C8DC9F}.Debug|Any CPU.Build.0 = Debug|Any CPU
		{384E33AE-8807-4087-9BC7-5A84C9C8DC9F}.Debug|ARM.ActiveCfg = Debug|ARM
		{384E33AE-8807-4087-9BC7-5A84C9C8DC9F}.Debug|ARM.Build.0 = Debug|ARM
		{384E33AE-8807-4087-9BC7-5A84C9C8DC9F}.Debug|Mixed Platforms.ActiveCfg = Debug|x86
		{384E33AE-8807-4087-9BC7-5A84C9C8DC9F}.Debug|Mixed Platforms.Build.0 = Debug|x86
		{384E33AE-8807-4087-9BC7-5A84C9C8DC9F}.Debug|x64.ActiveCfg = Debug|x64
		{384E33AE-8807-4087-9BC7-5A84C9C8DC9F}.Debug|x64.Build.0 = Debug|x64
		{384E33AE-8807-4087-9BC7-5A84C9C8DC9F}.Debug|x86.ActiveCfg = Debug|x86
		{384E33AE-8807-4087-9BC7-5A84C9C8DC9F}.Debug|x86.Build.0 = Debug|x86
		{384E33AE-8807-4087-9BC7-5A84C9C8DC9F}.Release|Any CPU.ActiveCfg = Release|Any CPU
		{384E33AE-8807-4087-9BC7-5A84C9C8DC9F}.Release|Any CPU.Build.0 = Release|Any CPU
		{384E33AE-8807-4087-9BC7-5A84C9C8DC9F}.Release|ARM.ActiveCfg = Release|ARM
		{384E33AE-8807-4087-9BC7-5A84C9C8DC9F}.Release|ARM.Build.0 = Release|ARM
		{384E33AE-8807-4087-9BC7-5A84C9C8DC9F}.Release|Mixed Platforms.ActiveCfg = Release|x86
		{384E33AE-8807-4087-9BC7-5A84C9C8DC9F}.Release|Mixed Platforms.Build.0 = Release|x86
		{384E33AE-8807-4087-9BC7-5A84C9C8DC9F}.Release|x64.ActiveCfg = Release|x64
		{384E33AE-8807-4087-9BC7-5A84C9C8DC9F}.Release|x64.Build.0 = Release|x64
		{384E33AE-8807-4087-9BC7-5A84C9C8DC9F}.Release|x86.ActiveCfg = Release|x86
		{384E33AE-8807-4087-9BC7-5A84C9C8DC9F}.Release|x86.Build.0 = Release|x86
		{B41DDA37-8CF3-426C-89F9-1714A7AB309D}.Debug|Any CPU.ActiveCfg = Debug|Any CPU
		{B41DDA37-8CF3-426C-89F9-1714A7AB309D}.Debug|Any CPU.Build.0 = Debug|Any CPU
		{B41DDA37-8CF3-426C-89F9-1714A7AB309D}.Debug|ARM.ActiveCfg = Debug|Any CPU
		{B41DDA37-8CF3-426C-89F9-1714A7AB309D}.Debug|Mixed Platforms.ActiveCfg = Debug|Any CPU
		{B41DDA37-8CF3-426C-89F9-1714A7AB309D}.Debug|Mixed Platforms.Build.0 = Debug|Any CPU
		{B41DDA37-8CF3-426C-89F9-1714A7AB309D}.Debug|x64.ActiveCfg = Debug|Any CPU
		{B41DDA37-8CF3-426C-89F9-1714A7AB309D}.Debug|x86.ActiveCfg = Debug|Any CPU
		{B41DDA37-8CF3-426C-89F9-1714A7AB309D}.Release|Any CPU.ActiveCfg = Release|Any CPU
		{B41DDA37-8CF3-426C-89F9-1714A7AB309D}.Release|Any CPU.Build.0 = Release|Any CPU
		{B41DDA37-8CF3-426C-89F9-1714A7AB309D}.Release|ARM.ActiveCfg = Release|Any CPU
		{B41DDA37-8CF3-426C-89F9-1714A7AB309D}.Release|Mixed Platforms.ActiveCfg = Release|Any CPU
		{B41DDA37-8CF3-426C-89F9-1714A7AB309D}.Release|Mixed Platforms.Build.0 = Release|Any CPU
		{B41DDA37-8CF3-426C-89F9-1714A7AB309D}.Release|x64.ActiveCfg = Release|Any CPU
		{B41DDA37-8CF3-426C-89F9-1714A7AB309D}.Release|x86.ActiveCfg = Release|Any CPU
		{0C88E8DB-FAD3-4ED9-A8F9-E5BD36CDA4EE}.Debug|Any CPU.ActiveCfg = Debug|Any CPU
		{0C88E8DB-FAD3-4ED9-A8F9-E5BD36CDA4EE}.Debug|Any CPU.Build.0 = Debug|Any CPU
		{0C88E8DB-FAD3-4ED9-A8F9-E5BD36CDA4EE}.Debug|ARM.ActiveCfg = Debug|ARM
		{0C88E8DB-FAD3-4ED9-A8F9-E5BD36CDA4EE}.Debug|ARM.Build.0 = Debug|ARM
		{0C88E8DB-FAD3-4ED9-A8F9-E5BD36CDA4EE}.Debug|Mixed Platforms.ActiveCfg = Debug|x86
		{0C88E8DB-FAD3-4ED9-A8F9-E5BD36CDA4EE}.Debug|Mixed Platforms.Build.0 = Debug|x86
		{0C88E8DB-FAD3-4ED9-A8F9-E5BD36CDA4EE}.Debug|x64.ActiveCfg = Debug|Any CPU
		{0C88E8DB-FAD3-4ED9-A8F9-E5BD36CDA4EE}.Debug|x86.ActiveCfg = Debug|x86
		{0C88E8DB-FAD3-4ED9-A8F9-E5BD36CDA4EE}.Debug|x86.Build.0 = Debug|x86
		{0C88E8DB-FAD3-4ED9-A8F9-E5BD36CDA4EE}.Release|Any CPU.ActiveCfg = Release|Any CPU
		{0C88E8DB-FAD3-4ED9-A8F9-E5BD36CDA4EE}.Release|Any CPU.Build.0 = Release|Any CPU
		{0C88E8DB-FAD3-4ED9-A8F9-E5BD36CDA4EE}.Release|ARM.ActiveCfg = Release|ARM
		{0C88E8DB-FAD3-4ED9-A8F9-E5BD36CDA4EE}.Release|ARM.Build.0 = Release|ARM
		{0C88E8DB-FAD3-4ED9-A8F9-E5BD36CDA4EE}.Release|Mixed Platforms.ActiveCfg = Release|x86
		{0C88E8DB-FAD3-4ED9-A8F9-E5BD36CDA4EE}.Release|Mixed Platforms.Build.0 = Release|x86
		{0C88E8DB-FAD3-4ED9-A8F9-E5BD36CDA4EE}.Release|x64.ActiveCfg = Release|Any CPU
		{0C88E8DB-FAD3-4ED9-A8F9-E5BD36CDA4EE}.Release|x86.ActiveCfg = Release|x86
		{0C88E8DB-FAD3-4ED9-A8F9-E5BD36CDA4EE}.Release|x86.Build.0 = Release|x86
	EndGlobalSection
	GlobalSection(SolutionProperties) = preSolution
		HideSolutionNode = FALSE
	EndGlobalSection
	GlobalSection(NestedProjects) = preSolution
		{708C119F-723A-463A-A848-BEB798846A75} = {57AD61F3-AC53-4AF4-A5E3-541DA4223503}
		{BE18601B-91E0-4B78-9755-5D5D6B9027ED} = {708C119F-723A-463A-A848-BEB798846A75}
		{F605E87B-10DF-4B64-820D-55D2AFA423DD} = {708C119F-723A-463A-A848-BEB798846A75}
		{96E75A0A-7BF7-4955-A048-B0E93F6E19D0} = {708C119F-723A-463A-A848-BEB798846A75}
		{67BCE374-F6FC-4F37-8930-54768AD08633} = {708C119F-723A-463A-A848-BEB798846A75}
	EndGlobalSection
EndGlobal
